# This file is autogenerated, do not edit; changes may be undone by the next 'dep ensure'.


[[projects]]
  name = "github.com/dgrijalva/jwt-go"
  packages = ["."]
  revision = "2268707a8f0843315e2004ee4f1d021dc08baedf"

[[projects]]
  name = "github.com/go-kit/kit"
  packages = [
    "auth/jwt",
    "endpoint",
    "log",
    "transport/grpc",
    "transport/http"
  ]
  revision = "fadad6fffe0466b19df9efd9acde5c9a52df5fa4"
  version = "v0.4.0"

[[projects]]
  name = "github.com/go-logfmt/logfmt"
  packages = ["."]
  revision = "390ab7935ee28ec6b286364bba9b4dd6410cb3d5"
  version = "v0.3.0"

[[projects]]
  name = "github.com/go-stack/stack"
  packages = ["."]
  revision = "100eb0c0a9c5b306ca2fb4f165df21d80ada4b82"
  version = "v1.5.2"

[[projects]]
  name = "github.com/golang/protobuf"
  packages = ["proto"]
  revision = "c9c7427a2a70d2eb3bafa0ab2dc163e45f143317"

[[projects]]
  name = "github.com/gorilla/handlers"
  packages = ["."]
  revision = "3a5767ca75ece5f7f1440b1d16975247f8d8b221"
  version = "v1.2"

[[projects]]
  branch = "master"
  name = "github.com/kr/logfmt"
  packages = ["."]
  revision = "b84e30acd515aadc4b783ad4ff83aff3299bdfe0"

[[projects]]
  name = "github.com/moul/protoc-gen-gotemplate"
  packages = [
    "examples/go-kit/services/session",
    "examples/go-kit/services/session/gen/endpoints",
    "examples/go-kit/services/session/gen/pb",
    "examples/go-kit/services/session/gen/transports/grpc",
    "examples/go-kit/services/session/gen/transports/http",
    "examples/go-kit/services/sprint",
    "examples/go-kit/services/sprint/gen/endpoints",
    "examples/go-kit/services/sprint/gen/pb",
    "examples/go-kit/services/sprint/gen/transports/grpc",
    "examples/go-kit/services/sprint/gen/transports/http",
    "examples/go-kit/services/user",
    "examples/go-kit/services/user/gen/endpoints",
    "examples/go-kit/services/user/gen/pb",
    "examples/go-kit/services/user/gen/transports/grpc",
    "examples/go-kit/services/user/gen/transports/http"
  ]
  revision = "7e17e4319f83b0ee1670ef7b38905ae5a0b2cdc6"
  version = "v1.5.0"

[[projects]]
  name = "golang.org/x/net"
  packages = [
    "context",
    "context/ctxhttp",
    "http2",
    "http2/hpack",
    "idna",
    "internal/timeseries",
    "lex/httplex",
    "trace"
  ]
  revision = "a6577fac2d73be281a500b310739095313165611"

[[projects]]
  name = "google.golang.org/grpc"
  packages = [
    ".",
    "codes",
    "credentials",
    "grpclog",
    "internal",
    "metadata",
    "naming",
    "peer",
    "transport"
  ]
  revision = "777daa17ff9b5daef1cfdf915088a2ada3332bf0"
  version = "v1.0.4"

[solve-meta]
  analyzer-name = "dep"
  analyzer-version = 1
  inputs-digest = "4c576016da9bacca1247921edef7aa9a7025b88847a326bae90bc0c1377614ac"
  solver-name = "gps-cdcl"
  solver-version = 1
